PODS:
  - OpenSSL-Universal (1.1.180)
  - SkyBoxInApp (1.0.6):
    - SkyBoxInApp/Purchase (= 1.0.6)
  - SkyBoxInApp/Purchase (1.0.6):
    - OpenSSL-Universal (= 1.1.180)

DEPENDENCIES:
  - SkyBoxInApp (from `../`)

SPEC REPOS:
  trunk:
    - OpenSSL-Universal

EXTERNAL SOURCES:
  SkyBoxInApp:
    :path: "../"

SPEC CHECKSUMS:
  OpenSSL-Universal: 1aa4f6a6ee7256b83db99ec1ccdaa80d10f9af9b
  SkyBoxInApp: 7c716730fc68df80043125128121c0a85e1a0c53

PODFILE CHECKSUM: 74582c8f7966b973a0ea70a8206a8cbcedb7c7d3

COCOAPODS: 1.11.2
