PODS:
  - OneFlow (0.1.0):
    - OpenSSL-Universal (= 1.1.180)
  - OpenSSL-Universal (1.1.180)

DEPENDENCIES:
  - OneFlow (from `../`)

SPEC REPOS:
  trunk:
    - OpenSSL-Universal

EXTERNAL SOURCES:
  OneFlow:
    :path: "../"

SPEC CHECKSUMS:
  OneFlow: e75b272437d4772e26d3ed8d9e5d7a0523fee0d9
  OpenSSL-Universal: 1aa4f6a6ee7256b83db99ec1ccdaa80d10f9af9b

PODFILE CHECKSUM: 578bf39cd9efa17455271310f013c5a9a9615f32

COCOAPODS: 1.10.1
